{
  "projects": [
    {
      "projectId": "22U3ZXm4dE59qEW488gxzU",
      "version": "0.32.0",
      "dependencies": {},
      "lang": "ts",
      "fileLocks": [
        {
          "assetId": "22U3ZXm4dE59qEW488gxzU",
          "type": "projectCss",
          "checksum": "876823639c117fe98dfebeaff5b32551"
        },
        {
          "assetId": "22U3ZXm4dE59qEW488gxzU",
          "checksum": "3c32260e340296584cd584f51848d14d",
          "type": "globalContexts"
        }
      ],
      "codegenVersion": "0.0.1"
    },
    {
      "projectId": "gmeH6XgPaBtkt51HunAo4g",
      "version": "18.20.0",
      "dependencies": {},
      "lang": "ts",
      "fileLocks": [
        {
          "assetId": "gmeH6XgPaBtkt51HunAo4g",
          "type": "projectCss",
          "checksum": "1c02168c6b23256606111fdfdbb63549"
        }
      ],
      "codegenVersion": "0.0.1"
    },
    {
      "projectId": "gLnoj82AzKVVT7qXiqAbHD",
      "version": "2.16.0",
      "dependencies": {},
      "lang": "ts",
      "fileLocks": [
        {
          "assetId": "gLnoj82AzKVVT7qXiqAbHD",
          "type": "projectCss",
          "checksum": "1c02168c6b23256606111fdfdbb63549"
        },
        {
          "type": "renderModule",
          "assetId": "lBHNzts6tFyj",
          "checksum": "84623a18268bfe02f309f5136079f50c"
        },
        {
          "type": "cssRules",
          "assetId": "lBHNzts6tFyj",
          "checksum": "84623a18268bfe02f309f5136079f50c"
        },
        {
          "type": "icon",
          "assetId": "zq2s7N0xWucT",
          "checksum": "bd85295cedaeac0de29b4aa0716fc5ad"
        },
        {
          "type": "icon",
          "assetId": "8K40faRNhuCj",
          "checksum": "d2e49d902b3cffb3c7e3d761d5f3f5af"
        }
      ],
      "codegenVersion": "0.0.1"
    },
    {
      "projectId": "jkU633o1Cz7HrJdwdxhVHk",
      "version": "16.15.0",
      "dependencies": {},
      "lang": "ts",
      "fileLocks": [
        {
          "assetId": "jkU633o1Cz7HrJdwdxhVHk",
          "type": "projectCss",
          "checksum": "cf57d229ecea50678d9d8d3bc0e3dd9b"
        }
      ],
      "codegenVersion": "0.0.1"
    },
    {
      "projectId": "ohDidvG9XsCeFumugENU3J",
      "version": "6.31.0",
      "dependencies": {},
      "lang": "ts",
      "fileLocks": [
        {
          "assetId": "ohDidvG9XsCeFumugENU3J",
          "type": "projectCss",
          "checksum": "ba2a60a163fca4f4d510275088a2be53"
        },
        {
          "assetId": "ohDidvG9XsCeFumugENU3J",
          "checksum": "f9cc098ce5640eefe7d9edb8470a210c",
          "type": "globalContexts"
        }
      ],
      "codegenVersion": "0.0.1"
    },
    {
      "projectId": "58GpZjZCWTaJ8AUhpCwt2K",
      "version": "3.30.0",
      "dependencies": {},
      "lang": "ts",
      "fileLocks": [
        {
          "assetId": "58GpZjZCWTaJ8AUhpCwt2K",
          "type": "projectCss",
          "checksum": "f0469e206244772473ab64f50be898f9"
        }
      ],
      "codegenVersion": "0.0.1"
    },
    {
      "projectId": "7nJ7UcFmq9UzB6eXfC5z4a",
      "version": "0.33.0",
      "dependencies": {},
      "lang": "ts",
      "fileLocks": [
        {
          "assetId": "7nJ7UcFmq9UzB6eXfC5z4a",
          "type": "projectCss",
          "checksum": "01e8cee5b9ce00fbc93f494c2a40dbf1"
        }
      ],
      "codegenVersion": "0.0.1"
    },
    {
      "projectId": "vJTHEFJo4hakWdJ852JuiQ",
      "version": "latest",
      "dependencies": {
        "7nJ7UcFmq9UzB6eXfC5z4a": "0.33.0",
        "58GpZjZCWTaJ8AUhpCwt2K": "3.30.0",
        "ohDidvG9XsCeFumugENU3J": "6.31.0",
        "jkU633o1Cz7HrJdwdxhVHk": "16.15.0",
        "gLnoj82AzKVVT7qXiqAbHD": "2.16.0",
        "gmeH6XgPaBtkt51HunAo4g": "18.20.0",
        "22U3ZXm4dE59qEW488gxzU": "0.32.0"
      },
      "lang": "ts",
      "fileLocks": [
        {
          "type": "globalVariant",
          "assetId": "cDOtgrr0-s24",
          "checksum": "0a8c6c5d2c814b8a5b2cada7beb9a229"
        },
        {
          "assetId": "vJTHEFJo4hakWdJ852JuiQ",
          "type": "projectCss",
          "checksum": "62350da43d3aee9e068d190980ef5920"
        },
        {
          "assetId": "vJTHEFJo4hakWdJ852JuiQ",
          "checksum": "5c987aba8384e24a64a1bf2a903090da",
          "type": "globalContexts"
        },
        {
          "type": "renderModule",
          "assetId": "3MsfWbPFXJfL",
          "checksum": "bd35595bde4c2e9977db5fb44b13c5ec"
        },
        {
          "type": "cssRules",
          "assetId": "3MsfWbPFXJfL",
          "checksum": "bd35595bde4c2e9977db5fb44b13c5ec"
        },
        {
          "type": "renderModule",
          "assetId": "oMUUd8XnpaEl",
          "checksum": "5555a87aae68968b2ff80ac1de678d0d"
        },
        {
          "type": "cssRules",
          "assetId": "oMUUd8XnpaEl",
          "checksum": "5555a87aae68968b2ff80ac1de678d0d"
        },
        {
          "type": "renderModule",
          "assetId": "493bmr7sdQvY",
          "checksum": "94785fcc8294e50bd3919b9e6bf01ada"
        },
        {
          "type": "cssRules",
          "assetId": "493bmr7sdQvY",
          "checksum": "94785fcc8294e50bd3919b9e6bf01ada"
        },
        {
          "type": "renderModule",
          "assetId": "Alt7_DdIrRqA",
          "checksum": "a135b595cfbe6013eb96f80db03623de"
        },
        {
          "type": "cssRules",
          "assetId": "Alt7_DdIrRqA",
          "checksum": "a135b595cfbe6013eb96f80db03623de"
        },
        {
          "type": "renderModule",
          "assetId": "7H3PQrQDvA67",
          "checksum": "5282787d987142f7b00c26da3ae50dcd"
        },
        {
          "type": "cssRules",
          "assetId": "7H3PQrQDvA67",
          "checksum": "5282787d987142f7b00c26da3ae50dcd"
        },
        {
          "type": "renderModule",
          "assetId": "N5aJkq4P8KJ9",
          "checksum": "3e27f821c74c6b14d77d47aaed534137"
        },
        {
          "type": "cssRules",
          "assetId": "N5aJkq4P8KJ9",
          "checksum": "3e27f821c74c6b14d77d47aaed534137"
        },
        {
          "type": "renderModule",
          "assetId": "NaclNo12p7Y2",
          "checksum": "c51c1af3a2f55d8f31a53ba206330deb"
        },
        {
          "type": "cssRules",
          "assetId": "NaclNo12p7Y2",
          "checksum": "c51c1af3a2f55d8f31a53ba206330deb"
        },
        {
          "type": "renderModule",
          "assetId": "_wtuZJjYuTT-",
          "checksum": "b961950af7e60a837ac47ed130d2b53a"
        },
        {
          "type": "cssRules",
          "assetId": "_wtuZJjYuTT-",
          "checksum": "b961950af7e60a837ac47ed130d2b53a"
        },
        {
          "type": "renderModule",
          "assetId": "EbB-rb1JzYHB",
          "checksum": "8cbc4e4a367891279cbc75da9a3cb8a7"
        },
        {
          "type": "cssRules",
          "assetId": "EbB-rb1JzYHB",
          "checksum": "8cbc4e4a367891279cbc75da9a3cb8a7"
        },
        {
          "type": "renderModule",
          "assetId": "vD_vjXCjuolQ",
          "checksum": "1e1a10e8d08fa32b4b0511e73c1a3eb4"
        },
        {
          "type": "cssRules",
          "assetId": "vD_vjXCjuolQ",
          "checksum": "1e1a10e8d08fa32b4b0511e73c1a3eb4"
        },
        {
          "type": "renderModule",
          "assetId": "o3RCiIr-AAAG",
          "checksum": "607574f4642b47e52a19336d40e1fb55"
        },
        {
          "type": "cssRules",
          "assetId": "o3RCiIr-AAAG",
          "checksum": "607574f4642b47e52a19336d40e1fb55"
        },
        {
          "type": "icon",
          "assetId": "w6zecWGMroRX",
          "checksum": "86b469bfad39cd6c1efc0aff6f957ba2"
        },
        {
          "type": "icon",
          "assetId": "NYIc10tcPIc3",
          "checksum": "88a7dec314b460acf469c09be7db84e3"
        },
        {
          "type": "icon",
          "assetId": "bb9jghqP17GZ",
          "checksum": "eed5605c62c00896b18d653b1a177188"
        },
        {
          "type": "icon",
          "assetId": "HuNiAD9bc4Pe",
          "checksum": "d5b2fe25eefdb49352352c7def11e966"
        },
        {
          "type": "icon",
          "assetId": "_NfZlDjvCk6o",
          "checksum": "f9a9c6629af7504ea1c19196b1248ef1"
        },
        {
          "type": "icon",
          "assetId": "XJCEKW6bjpe_",
          "checksum": "bfce0221a56a757f1575c6c623423111"
        },
        {
          "type": "icon",
          "assetId": "acTGRw5Ixvqa",
          "checksum": "cf4d8e221edaca3b496787f3a5a9d6bb"
        },
        {
          "type": "icon",
          "assetId": "T-XjT_Qrw1PB",
          "checksum": "d66c32af58990b7c69c9ebc8d77b17bb"
        },
        {
          "type": "icon",
          "assetId": "zctkF3ZrkMIk",
          "checksum": "007e244aabef5e36c8a41df5897a9c50"
        },
        {
          "type": "icon",
          "assetId": "y2HuLkb3SvmX",
          "checksum": "a70066e65244cb96a34d985cd340ea7b"
        },
        {
          "type": "icon",
          "assetId": "fVsjnTPPUtiI",
          "checksum": "71d12604719a383c45e510a296d4e22a"
        },
        {
          "type": "icon",
          "assetId": "cAwmqPtRgCwq",
          "checksum": "decbbf5e2ef1883687ba9cc545ef8a28"
        },
        {
          "type": "icon",
          "assetId": "XOnrYWcPVOkp",
          "checksum": "f768562817948f30d4c296214e17fbed"
        },
        {
          "type": "image",
          "assetId": "xmo0di6fVAPL",
          "checksum": "0974f26256296d88b74d0f09abade155"
        },
        {
          "type": "image",
          "assetId": "QR4ZUntGHtLc",
          "checksum": "e7d9e82ce019d6eb6a8ae5158baaf366"
        },
        {
          "type": "image",
          "assetId": "uJZSD4rZlR3U",
          "checksum": "58fe62ce2b2e4ed5f337e52efba9ab13"
        },
        {
          "type": "image",
          "assetId": "Ahpg43HxkqS2",
          "checksum": "c81a48816ce81aae755146607140fa15"
        },
        {
          "type": "image",
          "assetId": "6_9Tbt3ER5H7",
          "checksum": "f67cb3b0ecad5aa07326720a0d8e9e57"
        },
        {
          "type": "image",
          "assetId": "xrtCZpIEnaIi",
          "checksum": "71852a3b857195988c597a56f3052819"
        },
        {
          "type": "image",
          "assetId": "K0NiqEexXthI",
          "checksum": "84fc1b35a4050955433a986550802eab"
        },
        {
          "type": "image",
          "assetId": "gTIKDerLqk2L",
          "checksum": "307c4670d1cf49b8d7afc911f5a98d76"
        },
        {
          "type": "image",
          "assetId": "m5Qen3tfePjv",
          "checksum": "7c1566e6d065a5afe92bcbfdf36d644c"
        },
        {
          "type": "image",
          "assetId": "Zr8GJtLNQ8Mu",
          "checksum": "aee356fb7205c317fa5530dc4162638f"
        },
        {
          "type": "image",
          "assetId": "qZeCtf4rRZZG",
          "checksum": "d0740c93492113a00325c21e409e5038"
        },
        {
          "type": "image",
          "assetId": "LnBuxQn-qCtM",
          "checksum": "9b26efa70ded9a6ed12c003e8c0e8c44"
        },
        {
          "type": "image",
          "assetId": "Nic5rH3197Y-",
          "checksum": "b52ab2540031034e817539513539ea98"
        },
        {
          "type": "image",
          "assetId": "foavCtgskPHA",
          "checksum": "59aa393367c021a1c273eea8726b91c8"
        },
        {
          "type": "image",
          "assetId": "PPsIM1zbVNUP",
          "checksum": "7d60aea9b359ba0926e9ccdaf14e5e95"
        },
        {
          "type": "image",
          "assetId": "5cdiGCXDZIye",
          "checksum": "2d33ba8ff7652a0cc32f973c6731e22a"
        },
        {
          "type": "image",
          "assetId": "UoeTBHe94Mtb",
          "checksum": "b30d78ffbbe01b6a813c87830e2d0112"
        },
        {
          "type": "image",
          "assetId": "nJzfPHjn_yM8",
          "checksum": "817bff5286b9d6d0c6006ce79f7f5bd1"
        },
        {
          "type": "image",
          "assetId": "ctZUhr6QOUq4",
          "checksum": "080bf87414051d7ab1429a293d1d9f19"
        },
        {
          "type": "image",
          "assetId": "gd5bWkfo_U6L",
          "checksum": "e451addc5e76f7d48a747b6abc000b9b"
        },
        {
          "type": "image",
          "assetId": "c_ij_5huie61",
          "checksum": "a7d183f18072840413898688243f73ed"
        },
        {
          "type": "image",
          "assetId": "D_h__HXxgsJb",
          "checksum": "286cd190615ed8f46fb0ede16c9ad8b5"
        },
        {
          "type": "image",
          "assetId": "7vwAIREQK7AT",
          "checksum": "39ebd667feceb33eec4625024b027ad8"
        },
        {
          "type": "image",
          "assetId": "QN0E8YliA55a",
          "checksum": "338a6fb200f33f3644d2a52ed09766ab"
        },
        {
          "type": "image",
          "assetId": "MdtqwZzLgpAN",
          "checksum": "2654a70408013ffe192d920732acba40"
        },
        {
          "type": "image",
          "assetId": "UUIPJepwujAc",
          "checksum": "47f906d31f450ddf1b48f710d350e95e"
        },
        {
          "type": "image",
          "assetId": "FYT8H4PQOQt0",
          "checksum": "afab740c4f45b46f519057ad3dd1ddea"
        },
        {
          "type": "image",
          "assetId": "Sx8Zx4hpYMM4",
          "checksum": "49f8f7873e348e5de6739c6dd7a480f4"
        },
        {
          "type": "image",
          "assetId": "JmRW6Z6KVY1H",
          "checksum": "8103970ab1715adb5bf6050510d54405"
        },
        {
          "type": "image",
          "assetId": "m9ys-QAYKrYW",
          "checksum": "239320ef3063a1e7fcbf279bbea405c5"
        },
        {
          "type": "image",
          "assetId": "NPqI95t1HDJd",
          "checksum": "7bc7c3c0cf75bb9a9c8f8ff35bbe18ff"
        },
        {
          "type": "image",
          "assetId": "GYOZSCz1BkiU",
          "checksum": "58c16bc68aca92d4d1680592bedc9fc0"
        },
        {
          "type": "image",
          "assetId": "qcuUGvo5hC3Z",
          "checksum": "8bc54d6f7fffc8fbf9c774078379cbcb"
        },
        {
          "type": "image",
          "assetId": "uvWUTPkI9meY",
          "checksum": "78235a0ce545e27c61acb1150334ee2b"
        },
        {
          "type": "image",
          "assetId": "DPMoxm7abWZU",
          "checksum": "476a7347f43bd6a94670f3af4cc321f5"
        },
        {
          "type": "image",
          "assetId": "ggcBe0yua6_o",
          "checksum": "759624cdb84d096f9582b0fe025ccb9c"
        },
        {
          "type": "image",
          "assetId": "doZxmcz0nfJ4",
          "checksum": "654dcaf323a61ef0cec52aaa52834c1f"
        },
        {
          "type": "image",
          "assetId": "lf_PwUQZ8tSA",
          "checksum": "d9a4b96896a6f2b39e022e0754f029c0"
        },
        {
          "type": "image",
          "assetId": "RZB1lQb94pJK",
          "checksum": "f291b1cc3638639d688cba3c2a655823"
        },
        {
          "type": "image",
          "assetId": "YHbmjme3zM14",
          "checksum": "e29d580210b56267e3ae77099cd45160"
        },
        {
          "type": "image",
          "assetId": "PFBxjOEKWezk",
          "checksum": "b5a07f8725c97b315f6d15a24e2cba7d"
        },
        {
          "type": "image",
          "assetId": "eRRlZ_1oM9zT",
          "checksum": "275bc37a5f218d6d9e2433f304844266"
        },
        {
          "type": "image",
          "assetId": "UK2uA4KNnw_L",
          "checksum": "c3e2d1d0866517efab0c7d8a1da0cf17"
        },
        {
          "type": "image",
          "assetId": "w1OkYxEUXaGr",
          "checksum": "c0fe796f0b4f568a6bf21939e00148f3"
        }
      ],
      "codegenVersion": "0.0.1"
    }
  ],
  "cliVersion": "0.1.340"
}
